
Microsoft Visual Studio Solution File, Format Version 12.00
Project("{F2A71F9B-5D33-465A-A702-920D77279786}") = "DbManaged", "DbManaged.fsproj", "{7A1DBA5E-7C98-4BA2-BF99-2C173BE9C915}"
EndProject
Project("{F2A71F9B-5D33-465A-A702-920D77279786}") = "fsharper", "..\fsharper\fsharper.fsproj", "{5A4D4697-A13E-49CA-BE97-043402D5D746}"
EndProject
Project("{F2A71F9B-5D33-465A-A702-920D77279786}") = "palaflake", "..\palaflake\fs_impl\palaflake\palaflake.fsproj", "{BFA9EEB5-607A-4535-97FA-6F9126A30581}"
EndProject
Global
	GlobalSection(SolutionConfigurationPlatforms) = preSolution
		Debug|Any CPU = Debug|Any CPU
		Release|Any CPU = Release|Any CPU
		Test|Any CPU = Test|Any CPU
	EndGlobalSection
	GlobalSection(ProjectConfigurationPlatforms) = postSolution
		{7A1DBA5E-7C98-4BA2-BF99-2C173BE9C915}.Debug|Any CPU.ActiveCfg = Debug|Any CPU
		{7A1DBA5E-7C98-4BA2-BF99-2C173BE9C915}.Debug|Any CPU.Build.0 = Debug|Any CPU
		{7A1DBA5E-7C98-4BA2-BF99-2C173BE9C915}.Release|Any CPU.ActiveCfg = Release|Any CPU
		{7A1DBA5E-7C98-4BA2-BF99-2C173BE9C915}.Release|Any CPU.Build.0 = Release|Any CPU
		{7A1DBA5E-7C98-4BA2-BF99-2C173BE9C915}.Test|Any CPU.ActiveCfg = Test|Any CPU
		{7A1DBA5E-7C98-4BA2-BF99-2C173BE9C915}.Test|Any CPU.Build.0 = Test|Any CPU
		{5A4D4697-A13E-49CA-BE97-043402D5D746}.Debug|Any CPU.ActiveCfg = Debug|Any CPU
		{5A4D4697-A13E-49CA-BE97-043402D5D746}.Debug|Any CPU.Build.0 = Debug|Any CPU
		{5A4D4697-A13E-49CA-BE97-043402D5D746}.Release|Any CPU.ActiveCfg = Release|Any CPU
		{5A4D4697-A13E-49CA-BE97-043402D5D746}.Release|Any CPU.Build.0 = Release|Any CPU
		{5A4D4697-A13E-49CA-BE97-043402D5D746}.Test|Any CPU.ActiveCfg = Debug|Any CPU
		{5A4D4697-A13E-49CA-BE97-043402D5D746}.Test|Any CPU.Build.0 = Debug|Any CPU
		{BFA9EEB5-607A-4535-97FA-6F9126A30581}.Debug|Any CPU.ActiveCfg = Debug|Any CPU
		{BFA9EEB5-607A-4535-97FA-6F9126A30581}.Debug|Any CPU.Build.0 = Debug|Any CPU
		{BFA9EEB5-607A-4535-97FA-6F9126A30581}.Release|Any CPU.ActiveCfg = Release|Any CPU
		{BFA9EEB5-607A-4535-97FA-6F9126A30581}.Release|Any CPU.Build.0 = Release|Any CPU
		{BFA9EEB5-607A-4535-97FA-6F9126A30581}.Test|Any CPU.ActiveCfg = Debug|Any CPU
		{BFA9EEB5-607A-4535-97FA-6F9126A30581}.Test|Any CPU.Build.0 = Debug|Any CPU
	EndGlobalSection
EndGlobal
