
Microsoft Visual Studio Solution File, Format Version 12.00
Project("{FAE04EC0-301F-11D3-BF4B-00C04F79EFBC}") = "DbMiddleware", "DbMiddleware.csproj", "{40A7E5F0-FC4D-4448-9D3F-E2CA3357A640}"
EndProject
Global
	GlobalSection(SolutionConfigurationPlatforms) = preSolution
		Debug|Any CPU = Debug|Any CPU
		Release|Any CPU = Release|Any CPU
	EndGlobalSection
	GlobalSection(ProjectConfigurationPlatforms) = postSolution
		{40A7E5F0-FC4D-4448-9D3F-E2CA3357A640}.Debug|Any CPU.ActiveCfg = Debug|Any CPU
		{40A7E5F0-FC4D-4448-9D3F-E2CA3357A640}.Debug|Any CPU.Build.0 = Debug|Any CPU
		{40A7E5F0-FC4D-4448-9D3F-E2CA3357A640}.Release|Any CPU.ActiveCfg = Release|Any CPU
		{40A7E5F0-FC4D-4448-9D3F-E2CA3357A640}.Release|Any CPU.Build.0 = Release|Any CPU
	EndGlobalSection
EndGlobal
