
Microsoft Visual Studio Solution File, Format Version 12.00
Project("{F2A71F9B-5D33-465A-A702-920D77279786}") = "SqlManaged", "SqlManaged.fsproj", "{7A1DBA5E-7C98-4BA2-BF99-2C173BE9C915}"
EndProject
Global
	GlobalSection(SolutionConfigurationPlatforms) = preSolution
		Debug|Any CPU = Debug|Any CPU
		Release|Any CPU = Release|Any CPU
	EndGlobalSection
	GlobalSection(ProjectConfigurationPlatforms) = postSolution
		{7A1DBA5E-7C98-4BA2-BF99-2C173BE9C915}.Debug|Any CPU.ActiveCfg = Debug|Any CPU
		{7A1DBA5E-7C98-4BA2-BF99-2C173BE9C915}.Debug|Any CPU.Build.0 = Debug|Any CPU
		{7A1DBA5E-7C98-4BA2-BF99-2C173BE9C915}.Release|Any CPU.ActiveCfg = Release|Any CPU
		{7A1DBA5E-7C98-4BA2-BF99-2C173BE9C915}.Release|Any CPU.Build.0 = Release|Any CPU
	EndGlobalSection
EndGlobal
